
Microsoft Visual Studio Solution File, Format Version 12.00
# Visual Studio 15
VisualStudioVersion = 15.0.27130.2010
MinimumVisualStudioVersion = 10.0.40219.1
Project("{FAE04EC0-301F-11D3-BF4B-00C04F79EFBC}") = "OrganiseClientsMeetings", "OrganiseClientsMeetings\OrganiseClientsMeetings.csproj", "{70CFECF0-3495-4486-95D6-168F2008D395}"
EndProject
Project("{2150E333-8FDC-42A3-9474-1A3956D46DE8}") = "NewFolder1", "NewFolder1", "{CDAD20DB-92F5-43A0-8135-9E999108A160}"
EndProject
Global
	GlobalSection(SolutionConfigurationPlatforms) = preSolution
		Debug|Any CPU = Debug|Any CPU
		Release|Any CPU = Release|Any CPU
	EndGlobalSection
	GlobalSection(ProjectConfigurationPlatforms) = postSolution
		{70CFECF0-3495-4486-95D6-168F2008D395}.Debug|Any CPU.ActiveCfg = Debug|Any CPU
		{70CFECF0-3495-4486-95D6-168F2008D395}.Debug|Any CPU.Build.0 = Debug|Any CPU
		{70CFECF0-3495-4486-95D6-168F2008D395}.Release|Any CPU.ActiveCfg = Release|Any CPU
		{70CFECF0-3495-4486-95D6-168F2008D395}.Release|Any CPU.Build.0 = Release|Any CPU
	EndGlobalSection
	GlobalSection(SolutionProperties) = preSolution
		HideSolutionNode = FALSE
	EndGlobalSection
	GlobalSection(ExtensibilityGlobals) = postSolution
		SolutionGuid = {1023CA59-969C-45DA-BA87-14BF5018F4DC}
	EndGlobalSection
EndGlobal
